{
  "name": "design-system",
  "version": "1.0.0",
  "lockfileVersion": 3,
  "requires": true,
  "packages": {
    "": {
      "version": "1.0.0",
      "license": "ISC",
      "devDependencies": {
        "vnu-jar": "^25.12.9"
      }
    },
    "node_modules/vnu-jar": {
      "version": "25.12.9",
      "resolved": "https://registry.npmjs.org/vnu-jar/-/vnu-jar-25.12.9.tgz",
      "integrity": "sha512-8XA+gAxh9cuyRUI5gbFPeHktufU8CWDSNZOh6Bk/Z4EliOZmqnKV4UhxvvmHSSAnD1I5bivWLMQFbvsf98JesQ==",
      "dev": true,
      "license": "MIT",
      "engines": {
        "node": ">=0.10"
      }
    }
  }
}
