{
  "name": "design-system",
  "version": "1.0.0",
  "lockfileVersion": 3,
  "requires": true,
  "packages": {
    "": {
      "version": "1.0.0",
      "license": "ISC",
      "devDependencies": {
        "vnu-jar": "^26.5.19"
      }
    },
    "node_modules/vnu-jar": {
      "version": "26.5.19",
      "resolved": "https://registry.npmjs.org/vnu-jar/-/vnu-jar-26.5.19.tgz",
      "integrity": "sha512-LXudgNhy5N/239uPCE1DJI3xKg2DzTtbHhlLhZMVDqPm0XnPxPzvVrjrLYrQt5Z3WlXglJmnskYZKrjwvNUZaQ==",
      "dev": true,
      "hasInstallScript": true,
      "license": "MIT",
      "bin": {
        "vnu": "vnu-jar.js"
      },
      "engines": {
        "node": ">=0.10"
      }
    }
  }
}
