{
  "name": "design-system",
  "version": "1.0.0",
  "lockfileVersion": 3,
  "requires": true,
  "packages": {
    "": {
      "version": "1.0.0",
      "license": "ISC",
      "devDependencies": {
        "vnu-jar": "^24.10.17"
      }
    },
    "node_modules/vnu-jar": {
      "version": "24.10.17",
      "resolved": "https://registry.npmjs.org/vnu-jar/-/vnu-jar-24.10.17.tgz",
      "integrity": "sha512-YT7gNrRY5PiJrI1GavlWRHWIwqq2o52COc6J9QeXPfoldKRiZ9BeGP4shNLLaVfi0naA+/LMksdYWkKCr4pnVg==",
      "dev": true,
      "license": "MIT",
      "engines": {
        "node": ">=0.10"
      }
    }
  }
}
